
Microsoft Visual Studio Solution File, Format Version 12.00
# Visual Studio Version 17
VisualStudioVersion = 17.11.35327.3
MinimumVisualStudioVersion = 10.0.40219.1
Project("{FAE04EC0-301F-11D3-BF4B-00C04F79EFBC}") = "AssignmentOnInheritance", "AssignmentOnInheritance.csproj", "{C4A1D982-8B88-40B7-BC42-F1DF4CF576F4}"
EndProject
Global
	GlobalSection(SolutionConfigurationPlatforms) = preSolution
		Debug|Any CPU = Debug|Any CPU
		Release|Any CPU = Release|Any CPU
	EndGlobalSection
	GlobalSection(ProjectConfigurationPlatforms) = postSolution
		{C4A1D982-8B88-40B7-BC42-F1DF4CF576F4}.Debug|Any CPU.ActiveCfg = Debug|Any CPU
		{C4A1D982-8B88-40B7-BC42-F1DF4CF576F4}.Debug|Any CPU.Build.0 = Debug|Any CPU
		{C4A1D982-8B88-40B7-BC42-F1DF4CF576F4}.Release|Any CPU.ActiveCfg = Release|Any CPU
		{C4A1D982-8B88-40B7-BC42-F1DF4CF576F4}.Release|Any CPU.Build.0 = Release|Any CPU
	EndGlobalSection
	GlobalSection(SolutionProperties) = preSolution
		HideSolutionNode = FALSE
	EndGlobalSection
	GlobalSection(ExtensibilityGlobals) = postSolution
		SolutionGuid = {36EC2186-029C-45A8-B385-211C7B6C32C5}
	EndGlobalSection
EndGlobal
