
Microsoft Visual Studio Solution File, Format Version 12.00
# Visual Studio Version 17
VisualStudioVersion = 17.11.35327.3
MinimumVisualStudioVersion = 10.0.40219.1
Project("{FAE04EC0-301F-11D3-BF4B-00C04F79EFBC}") = "ArraysAndStrings", "ArraysAndStrings.csproj", "{FE461D9C-5405-40F3-871F-4AD0D2B8A86F}"
EndProject
Global
	GlobalSection(SolutionConfigurationPlatforms) = preSolution
		Debug|Any CPU = Debug|Any CPU
		Release|Any CPU = Release|Any CPU
	EndGlobalSection
	GlobalSection(ProjectConfigurationPlatforms) = postSolution
		{FE461D9C-5405-40F3-871F-4AD0D2B8A86F}.Debug|Any CPU.ActiveCfg = Debug|Any CPU
		{FE461D9C-5405-40F3-871F-4AD0D2B8A86F}.Debug|Any CPU.Build.0 = Debug|Any CPU
		{FE461D9C-5405-40F3-871F-4AD0D2B8A86F}.Release|Any CPU.ActiveCfg = Release|Any CPU
		{FE461D9C-5405-40F3-871F-4AD0D2B8A86F}.Release|Any CPU.Build.0 = Release|Any CPU
	EndGlobalSection
	GlobalSection(SolutionProperties) = preSolution
		HideSolutionNode = FALSE
	EndGlobalSection
	GlobalSection(ExtensibilityGlobals) = postSolution
		SolutionGuid = {7D51113D-70FC-44CF-AC12-72CF61693CD8}
	EndGlobalSection
EndGlobal
